
Microsoft Visual Studio Solution File, Format Version 12.00
# Visual Studio Version 17
VisualStudioVersion = 17.9.34728.123
MinimumVisualStudioVersion = 10.0.40219.1
Project("{9A19103F-16F7-4668-BE54-9A1E7A4F7556}") = "CounterTask", "CounterTask\CounterTask.csproj", "{49364B86-D776-4C34-A5D4-261FB861A411}"
EndProject
Project("{9A19103F-16F7-4668-BE54-9A1E7A4F7556}") = "test", "test\test.csproj", "{EDC8E101-6A73-4497-8230-544379E2DDC0}"
EndProject
Project("{FAE04EC0-301F-11D3-BF4B-00C04F79EFBC}") = "convert", "convert\convert.csproj", "{1D1083C1-D531-45E8-81C8-56D2857BA10B}"
EndProject
Global
	GlobalSection(SolutionConfigurationPlatforms) = preSolution
		Debug|Any CPU = Debug|Any CPU
		Release|Any CPU = Release|Any CPU
	EndGlobalSection
	GlobalSection(ProjectConfigurationPlatforms) = postSolution
		{49364B86-D776-4C34-A5D4-261FB861A411}.Debug|Any CPU.ActiveCfg = Debug|Any CPU
		{49364B86-D776-4C34-A5D4-261FB861A411}.Debug|Any CPU.Build.0 = Debug|Any CPU
		{49364B86-D776-4C34-A5D4-261FB861A411}.Release|Any CPU.ActiveCfg = Release|Any CPU
		{49364B86-D776-4C34-A5D4-261FB861A411}.Release|Any CPU.Build.0 = Release|Any CPU
		{EDC8E101-6A73-4497-8230-544379E2DDC0}.Debug|Any CPU.ActiveCfg = Debug|Any CPU
		{EDC8E101-6A73-4497-8230-544379E2DDC0}.Debug|Any CPU.Build.0 = Debug|Any CPU
		{EDC8E101-6A73-4497-8230-544379E2DDC0}.Release|Any CPU.ActiveCfg = Release|Any CPU
		{EDC8E101-6A73-4497-8230-544379E2DDC0}.Release|Any CPU.Build.0 = Release|Any CPU
		{1D1083C1-D531-45E8-81C8-56D2857BA10B}.Debug|Any CPU.ActiveCfg = Debug|Any CPU
		{1D1083C1-D531-45E8-81C8-56D2857BA10B}.Debug|Any CPU.Build.0 = Debug|Any CPU
		{1D1083C1-D531-45E8-81C8-56D2857BA10B}.Release|Any CPU.ActiveCfg = Release|Any CPU
		{1D1083C1-D531-45E8-81C8-56D2857BA10B}.Release|Any CPU.Build.0 = Release|Any CPU
	EndGlobalSection
	GlobalSection(SolutionProperties) = preSolution
		HideSolutionNode = FALSE
	EndGlobalSection
	GlobalSection(ExtensibilityGlobals) = postSolution
		SolutionGuid = {4E90802A-E207-42D9-AF60-90F798EB4591}
	EndGlobalSection
EndGlobal
