
Microsoft Visual Studio Solution File, Format Version 12.00
# Visual Studio Version 17
VisualStudioVersion = 17.9.34728.123
MinimumVisualStudioVersion = 10.0.40219.1
Project("{FAE04EC0-301F-11D3-BF4B-00C04F79EFBC}") = "HelloWorld", "HelloWorld\HelloWorld.csproj", "{E89EB0A3-11EF-4917-AE02-39525D2BDEDB}"
EndProject
Global
	GlobalSection(SolutionConfigurationPlatforms) = preSolution
		Debug|Any CPU = Debug|Any CPU
		Release|Any CPU = Release|Any CPU
	EndGlobalSection
	GlobalSection(ProjectConfigurationPlatforms) = postSolution
		{E89EB0A3-11EF-4917-AE02-39525D2BDEDB}.Debug|Any CPU.ActiveCfg = Debug|Any CPU
		{E89EB0A3-11EF-4917-AE02-39525D2BDEDB}.Debug|Any CPU.Build.0 = Debug|Any CPU
		{E89EB0A3-11EF-4917-AE02-39525D2BDEDB}.Release|Any CPU.ActiveCfg = Release|Any CPU
		{E89EB0A3-11EF-4917-AE02-39525D2BDEDB}.Release|Any CPU.Build.0 = Release|Any CPU
	EndGlobalSection
	GlobalSection(SolutionProperties) = preSolution
		HideSolutionNode = FALSE
	EndGlobalSection
	GlobalSection(ExtensibilityGlobals) = postSolution
		SolutionGuid = {78EC9535-8C82-4B19-916A-15EBE0C37D79}
	EndGlobalSection
EndGlobal
